{
    "_meta": {
        "hash": {
            "sha256": "88575d70763f915e13852c27ee7df833043a915bbeb5d2e49ee38d60b60de3dc"
        },
        "host-environment-markers": {
            "implementation_name": "cpython",
            "implementation_version": "3.6.3",
            "os_name": "posix",
            "platform_machine": "x86_64",
            "platform_python_implementation": "CPython",
            "platform_release": "17.4.0",
            "platform_system": "Darwin",
            "platform_version": "Darwin Kernel Version 17.4.0: Sun Dec 17 09:19:54 PST 2017; root:xnu-4570.41.2~1/RELEASE_X86_64",
            "python_full_version": "3.6.3",
            "python_version": "3.6",
            "sys_platform": "darwin"
        },
        "pipfile-spec": 6,
        "requires": {},
        "sources": [
            {
                "name": "pypi",
                "url": "https://pypi.python.org/simple",
                "verify_ssl": true
            }
        ]
    },
    "default": {},
    "develop": {
        "yapf": {
            "hashes": [
                "sha256:0ba4765012218b67a8c67da5c045d1fb9171d786ffe8dce6c8d1e11cbbaba8eb",
                "sha256:7f5efdb7edf0318b91e53721d934580a77153e24a222f52f6e1c3b7629aead43"
            ],
            "version": "==0.20.2"
        }
    }
}
